
Microsoft Visual Studio Solution File, Format Version 12.00
# Visual Studio Version 17
VisualStudioVersion = 17.5.33424.131
MinimumVisualStudioVersion = 10.0.40219.1
Project("{9A19103F-16F7-4668-BE54-9A1E7A4F7556}") = "SoftwareLab.WEBAPI", "SWEngineeringProject\SoftwareLab.WEBAPI.csproj", "{11905590-45F3-4F88-B373-DEF3A8D53BAC}"
	ProjectSection(ProjectDependencies) = postProject
		{A7A1E9D7-0410-4BC9-B699-BD0AD443A3BD} = {A7A1E9D7-0410-4BC9-B699-BD0AD443A3BD}
	EndProjectSection
EndProject
Project("{9A19103F-16F7-4668-BE54-9A1E7A4F7556}") = "SoftwareLab.Infrastructure", "SoftwareLab.Infrastructure\SoftwareLab.Infrastructure.csproj", "{E0864911-2566-49DC-A780-036E94E92DDD}"
	ProjectSection(ProjectDependencies) = postProject
		{A7A1E9D7-0410-4BC9-B699-BD0AD443A3BD} = {A7A1E9D7-0410-4BC9-B699-BD0AD443A3BD}
	EndProjectSection
EndProject
Project("{9A19103F-16F7-4668-BE54-9A1E7A4F7556}") = "SoftwareLab.Core", "SoftwareLab.Core\SoftwareLab.Core.csproj", "{A7A1E9D7-0410-4BC9-B699-BD0AD443A3BD}"
EndProject
Global
	GlobalSection(SolutionConfigurationPlatforms) = preSolution
		Debug|Any CPU = Debug|Any CPU
		Release|Any CPU = Release|Any CPU
	EndGlobalSection
	GlobalSection(ProjectConfigurationPlatforms) = postSolution
		{11905590-45F3-4F88-B373-DEF3A8D53BAC}.Debug|Any CPU.ActiveCfg = Debug|Any CPU
		{11905590-45F3-4F88-B373-DEF3A8D53BAC}.Debug|Any CPU.Build.0 = Debug|Any CPU
		{11905590-45F3-4F88-B373-DEF3A8D53BAC}.Release|Any CPU.ActiveCfg = Release|Any CPU
		{11905590-45F3-4F88-B373-DEF3A8D53BAC}.Release|Any CPU.Build.0 = Release|Any CPU
		{E0864911-2566-49DC-A780-036E94E92DDD}.Debug|Any CPU.ActiveCfg = Debug|Any CPU
		{E0864911-2566-49DC-A780-036E94E92DDD}.Debug|Any CPU.Build.0 = Debug|Any CPU
		{E0864911-2566-49DC-A780-036E94E92DDD}.Release|Any CPU.ActiveCfg = Release|Any CPU
		{E0864911-2566-49DC-A780-036E94E92DDD}.Release|Any CPU.Build.0 = Release|Any CPU
		{A7A1E9D7-0410-4BC9-B699-BD0AD443A3BD}.Debug|Any CPU.ActiveCfg = Debug|Any CPU
		{A7A1E9D7-0410-4BC9-B699-BD0AD443A3BD}.Debug|Any CPU.Build.0 = Debug|Any CPU
		{A7A1E9D7-0410-4BC9-B699-BD0AD443A3BD}.Release|Any CPU.ActiveCfg = Release|Any CPU
		{A7A1E9D7-0410-4BC9-B699-BD0AD443A3BD}.Release|Any CPU.Build.0 = Release|Any CPU
	EndGlobalSection
	GlobalSection(SolutionProperties) = preSolution
		HideSolutionNode = FALSE
	EndGlobalSection
	GlobalSection(ExtensibilityGlobals) = postSolution
		SolutionGuid = {CBC82355-0A99-4C2A-9673-01C06AC1B2E9}
	EndGlobalSection
EndGlobal
